// !$*UTF8*$!
{
	archiveVersion = 1;
	classes = {
	};
	objectVersion = 54;
	objects = {

/* Begin PBXBuildFile section */
		47390B4E2CAF5331008F7B18 /* CustomFooterView.swift in Sources */ = {isa = PBXBuildFile; fileRef = 47390B4D2CAF5331008F7B18 /* CustomFooterView.swift */; };
		47390B502CAF5361008F7B18 /* RecordingConfig.swift in Sources */ = {isa = PBXBuildFile; fileRef = 47390B4F2CAF5361008F7B18 /* RecordingConfig.swift */; };
		47390B522CAF53DD008F7B18 /* UserDefaultsHelper.swift in Sources */ = {isa = PBXBuildFile; fileRef = 47390B512CAF53DD008F7B18 /* UserDefaultsHelper.swift */; };
		47940D422C93D220005D5A7C /* AuthService.swift in Sources */ = {isa = PBXBuildFile; fileRef = 47940D412C93D220005D5A7C /* AuthService.swift */; };
		47CA72432C98F4400087B329 /* DebugUtils.swift in Sources */ = {isa = PBXBuildFile; fileRef = 47CA72422C98F4400087B329 /* DebugUtils.swift */; };
		47CA72452C99350D0087B329 /* nsr_6L.atc in Resources */ = {isa = PBXBuildFile; fileRef = 47CA72442C99350D0087B329 /* nsr_6L.atc */; };
		A01867FB2661742A00E0C13D /* AliveCorKitAssets.bundle in Resources */ = {isa = PBXBuildFile; fileRef = A01867F92661742A00E0C13D /* AliveCorKitAssets.bundle */; };
		A044277C26FD916E00DE64C0 /* StreamingFilterViewController.swift in Sources */ = {isa = PBXBuildFile; fileRef = A044277A26FD916E00DE64C0 /* StreamingFilterViewController.swift */; };
		A04427AF26FD9A1D00DE64C0 /* ecg_raw_data.txt in Resources */ = {isa = PBXBuildFile; fileRef = A04427AE26FD9A1D00DE64C0 /* ecg_raw_data.txt */; };
		A051B2CD2581571900E0C2B8 /* AVFoundation.framework in Frameworks */ = {isa = PBXBuildFile; fileRef = A051B2CC2581571900E0C2B8 /* AVFoundation.framework */; };
		A051B2CF2581571F00E0C2B8 /* CoreData.framework in Frameworks */ = {isa = PBXBuildFile; fileRef = A051B2CE2581571F00E0C2B8 /* CoreData.framework */; };
		A051B2D12581572C00E0C2B8 /* CoreBluetooth.framework in Frameworks */ = {isa = PBXBuildFile; fileRef = A051B2D02581572C00E0C2B8 /* CoreBluetooth.framework */; };
		A051B2D3258157E100E0C2B8 /* UIKit.framework in Frameworks */ = {isa = PBXBuildFile; fileRef = A051B2D2258157E100E0C2B8 /* UIKit.framework */; };
		A70CBDC723A81B4A0054ACFA /* AppDelegate.m in Sources */ = {isa = PBXBuildFile; fileRef = A70CBDC623A81B4A0054ACFA /* AppDelegate.m */; };
		A70CBDD223A81B4C0054ACFA /* Assets.xcassets in Resources */ = {isa = PBXBuildFile; fileRef = A70CBDD123A81B4C0054ACFA /* Assets.xcassets */; };
		A70CBDD523A81B4C0054ACFA /* LaunchScreen.storyboard in Resources */ = {isa = PBXBuildFile; fileRef = A70CBDD323A81B4C0054ACFA /* LaunchScreen.storyboard */; };
		A70CBDD823A81B4C0054ACFA /* main.m in Sources */ = {isa = PBXBuildFile; fileRef = A70CBDD723A81B4C0054ACFA /* main.m */; };
		CD44B7572A7063240019BE16 /* FileUtils.swift in Sources */ = {isa = PBXBuildFile; fileRef = CD44B7562A7063240019BE16 /* FileUtils.swift */; };
		CD9DB9112A6723170036A52A /* AliveCorKitLite.xcframework in Frameworks */ = {isa = PBXBuildFile; fileRef = CD9DB90F2A67230C0036A52A /* AliveCorKitLite.xcframework */; };
		CD9DB9122A6723170036A52A /* AliveCorKitLite.xcframework in Embed Frameworks */ = {isa = PBXBuildFile; fileRef = CD9DB90F2A67230C0036A52A /* AliveCorKitLite.xcframework */; settings = {ATTRIBUTES = (CodeSignOnCopy, RemoveHeadersOnCopy, ); }; };
		E41452AF2A675A3600C05E9A /* MainViewController.swift in Sources */ = {isa = PBXBuildFile; fileRef = E41452AE2A675A3600C05E9A /* MainViewController.swift */; };
		E41452B12A675A5700C05E9A /* SettingsViewController.swift in Sources */ = {isa = PBXBuildFile; fileRef = E41452B02A675A5600C05E9A /* SettingsViewController.swift */; };
		E41452B32A675AF400C05E9A /* NavigationController.swift in Sources */ = {isa = PBXBuildFile; fileRef = E41452B22A675AF400C05E9A /* NavigationController.swift */; };
		E44AD0572A6B074800A76189 /* AliveCorKitLiteController.swift in Sources */ = {isa = PBXBuildFile; fileRef = E44AD0562A6B074800A76189 /* AliveCorKitLiteController.swift */; };
/* End PBXBuildFile section */

/* Begin PBXContainerItemProxy section */
		A70CBDDE23A81B4C0054ACFA /* PBXContainerItemProxy */ = {
			isa = PBXContainerItemProxy;
			containerPortal = A70CBDBA23A81B4A0054ACFA /* Project object */;
			proxyType = 1;
			remoteGlobalIDString = A70CBDC123A81B4A0054ACFA;
			remoteInfo = AliveCorKitExample;
		};
/* End PBXContainerItemProxy section */

/* Begin PBXCopyFilesBuildPhase section */
		A7D93C6123C94FF200A94D3E /* Embed Frameworks */ = {
			isa = PBXCopyFilesBuildPhase;
			buildActionMask = 2147483647;
			dstPath = "";
			dstSubfolderSpec = 10;
			files = (
				CD9DB9122A6723170036A52A /* AliveCorKitLite.xcframework in Embed Frameworks */,
			);
			name = "Embed Frameworks";
			runOnlyForDeploymentPostprocessing = 0;
		};
/* End PBXCopyFilesBuildPhase section */

/* Begin PBXFileReference section */
		47390B4D2CAF5331008F7B18 /* CustomFooterView.swift */ = {isa = PBXFileReference; fileEncoding = 4; lastKnownFileType = sourcecode.swift; path = CustomFooterView.swift; sourceTree = "<group>"; };
		47390B4F2CAF5361008F7B18 /* RecordingConfig.swift */ = {isa = PBXFileReference; fileEncoding = 4; lastKnownFileType = sourcecode.swift; path = RecordingConfig.swift; sourceTree = "<group>"; };
		47390B512CAF53DD008F7B18 /* UserDefaultsHelper.swift */ = {isa = PBXFileReference; fileEncoding = 4; lastKnownFileType = sourcecode.swift; path = UserDefaultsHelper.swift; sourceTree = "<group>"; };
		47940D412C93D220005D5A7C /* AuthService.swift */ = {isa = PBXFileReference; lastKnownFileType = sourcecode.swift; path = AuthService.swift; sourceTree = "<group>"; };
		47CA72422C98F4400087B329 /* DebugUtils.swift */ = {isa = PBXFileReference; fileEncoding = 4; lastKnownFileType = sourcecode.swift; path = DebugUtils.swift; sourceTree = "<group>"; };
		47CA72442C99350D0087B329 /* nsr_6L.atc */ = {isa = PBXFileReference; lastKnownFileType = file; path = nsr_6L.atc; sourceTree = "<group>"; };
		A01867F92661742A00E0C13D /* AliveCorKitAssets.bundle */ = {isa = PBXFileReference; lastKnownFileType = "wrapper.plug-in"; name = AliveCorKitAssets.bundle; path = Dependencies/AliveCorKitAssets.bundle; sourceTree = "<group>"; };
		A044277A26FD916E00DE64C0 /* StreamingFilterViewController.swift */ = {isa = PBXFileReference; lastKnownFileType = sourcecode.swift; path = StreamingFilterViewController.swift; sourceTree = "<group>"; };
		A04427AE26FD9A1D00DE64C0 /* ecg_raw_data.txt */ = {isa = PBXFileReference; fileEncoding = 4; lastKnownFileType = text; name = ecg_raw_data.txt; path = Resources/ecg_raw_data.txt; sourceTree = SOURCE_ROOT; };
		A051B2CC2581571900E0C2B8 /* AVFoundation.framework */ = {isa = PBXFileReference; lastKnownFileType = wrapper.framework; name = AVFoundation.framework; path = System/Library/Frameworks/AVFoundation.framework; sourceTree = SDKROOT; };
		A051B2CE2581571F00E0C2B8 /* CoreData.framework */ = {isa = PBXFileReference; lastKnownFileType = wrapper.framework; name = CoreData.framework; path = System/Library/Frameworks/CoreData.framework; sourceTree = SDKROOT; };
		A051B2D02581572C00E0C2B8 /* CoreBluetooth.framework */ = {isa = PBXFileReference; lastKnownFileType = wrapper.framework; name = CoreBluetooth.framework; path = System/Library/Frameworks/CoreBluetooth.framework; sourceTree = SDKROOT; };
		A051B2D2258157E100E0C2B8 /* UIKit.framework */ = {isa = PBXFileReference; lastKnownFileType = wrapper.framework; name = UIKit.framework; path = System/Library/Frameworks/UIKit.framework; sourceTree = SDKROOT; };
		A0539281265D593800561728 /* AliveCorKitExample-Bridging-Header.h */ = {isa = PBXFileReference; fileEncoding = 4; lastKnownFileType = sourcecode.c.h; name = "AliveCorKitExample-Bridging-Header.h"; path = "AliveCorKitExample/AliveCorKitExample-Bridging-Header.h"; sourceTree = "<group>"; };
		A70CBDC223A81B4A0054ACFA /* AliveCorKitExample.app */ = {isa = PBXFileReference; explicitFileType = wrapper.application; includeInIndex = 0; path = AliveCorKitExample.app; sourceTree = BUILT_PRODUCTS_DIR; };
		A70CBDC523A81B4A0054ACFA /* AppDelegate.h */ = {isa = PBXFileReference; lastKnownFileType = sourcecode.c.h; path = AppDelegate.h; sourceTree = "<group>"; };
		A70CBDC623A81B4A0054ACFA /* AppDelegate.m */ = {isa = PBXFileReference; lastKnownFileType = sourcecode.c.objc; path = AppDelegate.m; sourceTree = "<group>"; };
		A70CBDD123A81B4C0054ACFA /* Assets.xcassets */ = {isa = PBXFileReference; lastKnownFileType = folder.assetcatalog; path = Assets.xcassets; sourceTree = "<group>"; };
		A70CBDD423A81B4C0054ACFA /* Base */ = {isa = PBXFileReference; lastKnownFileType = file.storyboard; name = Base; path = Base.lproj/LaunchScreen.storyboard; sourceTree = "<group>"; };
		A70CBDD623A81B4C0054ACFA /* Info.plist */ = {isa = PBXFileReference; lastKnownFileType = text.plist.xml; path = Info.plist; sourceTree = "<group>"; };
		A70CBDD723A81B4C0054ACFA /* main.m */ = {isa = PBXFileReference; lastKnownFileType = sourcecode.c.objc; path = main.m; sourceTree = "<group>"; };
		A70CBDDD23A81B4C0054ACFA /* AliveCorKitExampleUITests.xctest */ = {isa = PBXFileReference; explicitFileType = wrapper.cfbundle; includeInIndex = 0; path = AliveCorKitExampleUITests.xctest; sourceTree = BUILT_PRODUCTS_DIR; };
		CD44B7562A7063240019BE16 /* FileUtils.swift */ = {isa = PBXFileReference; fileEncoding = 4; lastKnownFileType = sourcecode.swift; path = FileUtils.swift; sourceTree = "<group>"; };
		CD9DB90F2A67230C0036A52A /* AliveCorKitLite.xcframework */ = {isa = PBXFileReference; lastKnownFileType = wrapper.xcframework; name = AliveCorKitLite.xcframework; path = Dependencies/AliveCorKitLite.xcframework; sourceTree = "<group>"; };
		E41452AE2A675A3600C05E9A /* MainViewController.swift */ = {isa = PBXFileReference; fileEncoding = 4; lastKnownFileType = sourcecode.swift; name = MainViewController.swift; path = AliveCorKitExample/MainViewController.swift; sourceTree = SOURCE_ROOT; };
		E41452B02A675A5600C05E9A /* SettingsViewController.swift */ = {isa = PBXFileReference; fileEncoding = 4; lastKnownFileType = sourcecode.swift; path = SettingsViewController.swift; sourceTree = "<group>"; };
		E41452B22A675AF400C05E9A /* NavigationController.swift */ = {isa = PBXFileReference; fileEncoding = 4; lastKnownFileType = sourcecode.swift; path = NavigationController.swift; sourceTree = "<group>"; };
		E44AD0562A6B074800A76189 /* AliveCorKitLiteController.swift */ = {isa = PBXFileReference; fileEncoding = 4; lastKnownFileType = sourcecode.swift; path = AliveCorKitLiteController.swift; sourceTree = "<group>"; };
/* End PBXFileReference section */

/* Begin PBXFrameworksBuildPhase section */
		A70CBDBF23A81B4A0054ACFA /* Frameworks */ = {
			isa = PBXFrameworksBuildPhase;
			buildActionMask = 2147483647;
			files = (
				A051B2D3258157E100E0C2B8 /* UIKit.framework in Frameworks */,
				CD9DB9112A6723170036A52A /* AliveCorKitLite.xcframework in Frameworks */,
				A051B2CF2581571F00E0C2B8 /* CoreData.framework in Frameworks */,
				A051B2D12581572C00E0C2B8 /* CoreBluetooth.framework in Frameworks */,
				A051B2CD2581571900E0C2B8 /* AVFoundation.framework in Frameworks */,
			);
			runOnlyForDeploymentPostprocessing = 0;
		};
		A70CBDDA23A81B4C0054ACFA /* Frameworks */ = {
			isa = PBXFrameworksBuildPhase;
			buildActionMask = 2147483647;
			files = (
			);
			runOnlyForDeploymentPostprocessing = 0;
		};
/* End PBXFrameworksBuildPhase section */

/* Begin PBXGroup section */
		A04427AD26FD99FD00DE64C0 /* Resources */ = {
			isa = PBXGroup;
			children = (
				47CA72442C99350D0087B329 /* nsr_6L.atc */,
				A04427AE26FD9A1D00DE64C0 /* ecg_raw_data.txt */,
			);
			name = Resources;
			sourceTree = "<group>";
		};
		A0539263265C5B2A00561728 /* Utils */ = {
			isa = PBXGroup;
			children = (
				47390B512CAF53DD008F7B18 /* UserDefaultsHelper.swift */,
				47CA72422C98F4400087B329 /* DebugUtils.swift */,
				CD44B7562A7063240019BE16 /* FileUtils.swift */,
			);
			path = Utils;
			sourceTree = "<group>";
		};
		A0539265265C5DBF00561728 /* Repository */ = {
			isa = PBXGroup;
			children = (
				47390B4F2CAF5361008F7B18 /* RecordingConfig.swift */,
				47940D412C93D220005D5A7C /* AuthService.swift */,
			);
			path = Repository;
			sourceTree = "<group>";
		};
		A0539272265CA41D00561728 /* Components */ = {
			isa = PBXGroup;
			children = (
				47390B4D2CAF5331008F7B18 /* CustomFooterView.swift */,
				E41452AE2A675A3600C05E9A /* MainViewController.swift */,
				E41452B02A675A5600C05E9A /* SettingsViewController.swift */,
				E44AD0562A6B074800A76189 /* AliveCorKitLiteController.swift */,
				E41452B22A675AF400C05E9A /* NavigationController.swift */,
				A044277A26FD916E00DE64C0 /* StreamingFilterViewController.swift */,
			);
			path = Components;
			sourceTree = "<group>";
		};
		A70CBDB923A81B4A0054ACFA = {
			isa = PBXGroup;
			children = (
				A0539281265D593800561728 /* AliveCorKitExample-Bridging-Header.h */,
				A70CBDC423A81B4A0054ACFA /* AliveCorKitExample */,
				A70CBDC323A81B4A0054ACFA /* Products */,
				A70CBDEC23A81F050054ACFA /* Frameworks */,
			);
			sourceTree = "<group>";
		};
		A70CBDC323A81B4A0054ACFA /* Products */ = {
			isa = PBXGroup;
			children = (
				A70CBDC223A81B4A0054ACFA /* AliveCorKitExample.app */,
				A70CBDDD23A81B4C0054ACFA /* AliveCorKitExampleUITests.xctest */,
			);
			name = Products;
			sourceTree = "<group>";
		};
		A70CBDC423A81B4A0054ACFA /* AliveCorKitExample */ = {
			isa = PBXGroup;
			children = (
				A04427AD26FD99FD00DE64C0 /* Resources */,
				A0539272265CA41D00561728 /* Components */,
				A0539265265C5DBF00561728 /* Repository */,
				A0539263265C5B2A00561728 /* Utils */,
				A70CBDC523A81B4A0054ACFA /* AppDelegate.h */,
				A70CBDC623A81B4A0054ACFA /* AppDelegate.m */,
				A70CBDD123A81B4C0054ACFA /* Assets.xcassets */,
				A70CBDD323A81B4C0054ACFA /* LaunchScreen.storyboard */,
				A70CBDD623A81B4C0054ACFA /* Info.plist */,
				A70CBDD723A81B4C0054ACFA /* main.m */,
			);
			path = AliveCorKitExample;
			sourceTree = "<group>";
		};
		A70CBDEC23A81F050054ACFA /* Frameworks */ = {
			isa = PBXGroup;
			children = (
				CD9DB90F2A67230C0036A52A /* AliveCorKitLite.xcframework */,
				A01867F92661742A00E0C13D /* AliveCorKitAssets.bundle */,
				A051B2D2258157E100E0C2B8 /* UIKit.framework */,
				A051B2D02581572C00E0C2B8 /* CoreBluetooth.framework */,
				A051B2CE2581571F00E0C2B8 /* CoreData.framework */,
				A051B2CC2581571900E0C2B8 /* AVFoundation.framework */,
			);
			name = Frameworks;
			sourceTree = "<group>";
		};
/* End PBXGroup section */

/* Begin PBXNativeTarget section */
		A70CBDC123A81B4A0054ACFA /* AliveCorKitExample */ = {
			isa = PBXNativeTarget;
			buildConfigurationList = A70CBDE623A81B4C0054ACFA /* Build configuration list for PBXNativeTarget "AliveCorKitExample" */;
			buildPhases = (
				A70CBDBE23A81B4A0054ACFA /* Sources */,
				A70CBDBF23A81B4A0054ACFA /* Frameworks */,
				A70CBDC023A81B4A0054ACFA /* Resources */,
				A7D93C6123C94FF200A94D3E /* Embed Frameworks */,
			);
			buildRules = (
			);
			dependencies = (
			);
			name = AliveCorKitExample;
			productName = AliveCorKitExample;
			productReference = A70CBDC223A81B4A0054ACFA /* AliveCorKitExample.app */;
			productType = "com.apple.product-type.application";
		};
		A70CBDDC23A81B4C0054ACFA /* AliveCorKitExampleUITests */ = {
			isa = PBXNativeTarget;
			buildConfigurationList = A70CBDE923A81B4C0054ACFA /* Build configuration list for PBXNativeTarget "AliveCorKitExampleUITests" */;
			buildPhases = (
				A70CBDD923A81B4C0054ACFA /* Sources */,
				A70CBDDA23A81B4C0054ACFA /* Frameworks */,
				A70CBDDB23A81B4C0054ACFA /* Resources */,
			);
			buildRules = (
			);
			dependencies = (
				A70CBDDF23A81B4C0054ACFA /* PBXTargetDependency */,
			);
			name = AliveCorKitExampleUITests;
			productName = AliveCorKitExampleUITests;
			productReference = A70CBDDD23A81B4C0054ACFA /* AliveCorKitExampleUITests.xctest */;
			productType = "com.apple.product-type.bundle.ui-testing";
		};
/* End PBXNativeTarget section */

/* Begin PBXProject section */
		A70CBDBA23A81B4A0054ACFA /* Project object */ = {
			isa = PBXProject;
			attributes = {
				LastUpgradeCheck = 1420;
				ORGANIZATIONNAME = Alivecor;
				TargetAttributes = {
					A70CBDC123A81B4A0054ACFA = {
						CreatedOnToolsVersion = 11.0;
						LastSwiftMigration = 1240;
					};
					A70CBDDC23A81B4C0054ACFA = {
						CreatedOnToolsVersion = 11.0;
						TestTargetID = A70CBDC123A81B4A0054ACFA;
					};
				};
			};
			buildConfigurationList = A70CBDBD23A81B4A0054ACFA /* Build configuration list for PBXProject "AliveCorKitExample" */;
			compatibilityVersion = "Xcode 9.3";
			developmentRegion = en;
			hasScannedForEncodings = 0;
			knownRegions = (
				en,
				Base,
			);
			mainGroup = A70CBDB923A81B4A0054ACFA;
			productRefGroup = A70CBDC323A81B4A0054ACFA /* Products */;
			projectDirPath = "";
			projectRoot = "";
			targets = (
				A70CBDC123A81B4A0054ACFA /* AliveCorKitExample */,
				A70CBDDC23A81B4C0054ACFA /* AliveCorKitExampleUITests */,
			);
		};
/* End PBXProject section */

/* Begin PBXResourcesBuildPhase section */
		A70CBDC023A81B4A0054ACFA /* Resources */ = {
			isa = PBXResourcesBuildPhase;
			buildActionMask = 2147483647;
			files = (
				47CA72452C99350D0087B329 /* nsr_6L.atc in Resources */,
				A70CBDD523A81B4C0054ACFA /* LaunchScreen.storyboard in Resources */,
				A01867FB2661742A00E0C13D /* AliveCorKitAssets.bundle in Resources */,
				A70CBDD223A81B4C0054ACFA /* Assets.xcassets in Resources */,
				A04427AF26FD9A1D00DE64C0 /* ecg_raw_data.txt in Resources */,
			);
			runOnlyForDeploymentPostprocessing = 0;
		};
		A70CBDDB23A81B4C0054ACFA /* Resources */ = {
			isa = PBXResourcesBuildPhase;
			buildActionMask = 2147483647;
			files = (
			);
			runOnlyForDeploymentPostprocessing = 0;
		};
/* End PBXResourcesBuildPhase section */

/* Begin PBXSourcesBuildPhase section */
		A70CBDBE23A81B4A0054ACFA /* Sources */ = {
			isa = PBXSourcesBuildPhase;
			buildActionMask = 2147483647;
			files = (
				E41452B32A675AF400C05E9A /* NavigationController.swift in Sources */,
				47390B522CAF53DD008F7B18 /* UserDefaultsHelper.swift in Sources */,
				E41452AF2A675A3600C05E9A /* MainViewController.swift in Sources */,
				47940D422C93D220005D5A7C /* AuthService.swift in Sources */,
				A70CBDC723A81B4A0054ACFA /* AppDelegate.m in Sources */,
				47CA72432C98F4400087B329 /* DebugUtils.swift in Sources */,
				47390B4E2CAF5331008F7B18 /* CustomFooterView.swift in Sources */,
				47390B502CAF5361008F7B18 /* RecordingConfig.swift in Sources */,
				CD44B7572A7063240019BE16 /* FileUtils.swift in Sources */,
				E41452B12A675A5700C05E9A /* SettingsViewController.swift in Sources */,
				A70CBDD823A81B4C0054ACFA /* main.m in Sources */,
				A044277C26FD916E00DE64C0 /* StreamingFilterViewController.swift in Sources */,
				E44AD0572A6B074800A76189 /* AliveCorKitLiteController.swift in Sources */,
			);
			runOnlyForDeploymentPostprocessing = 0;
		};
		A70CBDD923A81B4C0054ACFA /* Sources */ = {
			isa = PBXSourcesBuildPhase;
			buildActionMask = 2147483647;
			files = (
			);
			runOnlyForDeploymentPostprocessing = 0;
		};
/* End PBXSourcesBuildPhase section */

/* Begin PBXTargetDependency section */
		A70CBDDF23A81B4C0054ACFA /* PBXTargetDependency */ = {
			isa = PBXTargetDependency;
			target = A70CBDC123A81B4A0054ACFA /* AliveCorKitExample */;
			targetProxy = A70CBDDE23A81B4C0054ACFA /* PBXContainerItemProxy */;
		};
/* End PBXTargetDependency section */

/* Begin PBXVariantGroup section */
		A70CBDD323A81B4C0054ACFA /* LaunchScreen.storyboard */ = {
			isa = PBXVariantGroup;
			children = (
				A70CBDD423A81B4C0054ACFA /* Base */,
			);
			name = LaunchScreen.storyboard;
			sourceTree = "<group>";
		};
/* End PBXVariantGroup section */

/* Begin XCBuildConfiguration section */
		A70CBDE423A81B4C0054ACFA /* Debug */ = {
			isa = XCBuildConfiguration;
			buildSettings = {
				ALWAYS_SEARCH_USER_PATHS = NO;
				CLANG_ANALYZER_LOCALIZABILITY_NONLOCALIZED = YES;
				CLANG_ANALYZER_NONNULL = YES;
				CLANG_ANALYZER_NUMBER_OBJECT_CONVERSION = YES_AGGRESSIVE;
				CLANG_CXX_LANGUAGE_STANDARD = "gnu++14";
				CLANG_CXX_LIBRARY = "libc++";
				CLANG_ENABLE_MODULES = YES;
				CLANG_ENABLE_OBJC_ARC = YES;
				CLANG_ENABLE_OBJC_WEAK = YES;
				CLANG_WARN_BLOCK_CAPTURE_AUTORELEASING = YES;
				CLANG_WARN_BOOL_CONVERSION = YES;
				CLANG_WARN_COMMA = YES;
				CLANG_WARN_CONSTANT_CONVERSION = YES;
				CLANG_WARN_DEPRECATED_OBJC_IMPLEMENTATIONS = YES;
				CLANG_WARN_DIRECT_OBJC_ISA_USAGE = YES_ERROR;
				CLANG_WARN_DOCUMENTATION_COMMENTS = YES;
				CLANG_WARN_EMPTY_BODY = YES;
				CLANG_WARN_ENUM_CONVERSION = YES;
				CLANG_WARN_INFINITE_RECURSION = YES;
				CLANG_WARN_INT_CONVERSION = YES;
				CLANG_WARN_NON_LITERAL_NULL_CONVERSION = YES;
				CLANG_WARN_OBJC_IMPLICIT_RETAIN_SELF = YES;
				CLANG_WARN_OBJC_LITERAL_CONVERSION = YES;
				CLANG_WARN_OBJC_ROOT_CLASS = YES_ERROR;
				CLANG_WARN_QUOTED_INCLUDE_IN_FRAMEWORK_HEADER = YES;
				CLANG_WARN_RANGE_LOOP_ANALYSIS = YES;
				CLANG_WARN_STRICT_PROTOTYPES = YES;
				CLANG_WARN_SUSPICIOUS_MOVE = YES;
				CLANG_WARN_UNGUARDED_AVAILABILITY = YES_AGGRESSIVE;
				CLANG_WARN_UNREACHABLE_CODE = YES;
				CLANG_WARN__DUPLICATE_METHOD_MATCH = YES;
				COPY_PHASE_STRIP = NO;
				DEBUG_INFORMATION_FORMAT = dwarf;
				ENABLE_STRICT_OBJC_MSGSEND = YES;
				ENABLE_TESTABILITY = YES;
				GCC_C_LANGUAGE_STANDARD = gnu11;
				GCC_DYNAMIC_NO_PIC = NO;
				GCC_NO_COMMON_BLOCKS = YES;
				GCC_OPTIMIZATION_LEVEL = 0;
				GCC_PREPROCESSOR_DEFINITIONS = (
					"DEBUG=1",
					"$(inherited)",
				);
				GCC_WARN_64_TO_32_BIT_CONVERSION = YES;
				GCC_WARN_ABOUT_RETURN_TYPE = YES_ERROR;
				GCC_WARN_UNDECLARED_SELECTOR = YES;
				GCC_WARN_UNINITIALIZED_AUTOS = YES_AGGRESSIVE;
				GCC_WARN_UNUSED_FUNCTION = YES;
				GCC_WARN_UNUSED_VARIABLE = YES;
				IPHONEOS_DEPLOYMENT_TARGET = 13.0;
				MTL_ENABLE_DEBUG_INFO = INCLUDE_SOURCE;
				MTL_FAST_MATH = YES;
				ONLY_ACTIVE_ARCH = YES;
				SDKROOT = iphoneos;
			};
			name = Debug;
		};
		A70CBDE523A81B4C0054ACFA /* Release */ = {
			isa = XCBuildConfiguration;
			buildSettings = {
				ALWAYS_SEARCH_USER_PATHS = NO;
				CLANG_ANALYZER_LOCALIZABILITY_NONLOCALIZED = YES;
				CLANG_ANALYZER_NONNULL = YES;
				CLANG_ANALYZER_NUMBER_OBJECT_CONVERSION = YES_AGGRESSIVE;
				CLANG_CXX_LANGUAGE_STANDARD = "gnu++14";
				CLANG_CXX_LIBRARY = "libc++";
				CLANG_ENABLE_MODULES = YES;
				CLANG_ENABLE_OBJC_ARC = YES;
				CLANG_ENABLE_OBJC_WEAK = YES;
				CLANG_WARN_BLOCK_CAPTURE_AUTORELEASING = YES;
				CLANG_WARN_BOOL_CONVERSION = YES;
				CLANG_WARN_COMMA = YES;
				CLANG_WARN_CONSTANT_CONVERSION = YES;
				CLANG_WARN_DEPRECATED_OBJC_IMPLEMENTATIONS = YES;
				CLANG_WARN_DIRECT_OBJC_ISA_USAGE = YES_ERROR;
				CLANG_WARN_DOCUMENTATION_COMMENTS = YES;
				CLANG_WARN_EMPTY_BODY = YES;
				CLANG_WARN_ENUM_CONVERSION = YES;
				CLANG_WARN_INFINITE_RECURSION = YES;
				CLANG_WARN_INT_CONVERSION = YES;
				CLANG_WARN_NON_LITERAL_NULL_CONVERSION = YES;
				CLANG_WARN_OBJC_IMPLICIT_RETAIN_SELF = YES;
				CLANG_WARN_OBJC_LITERAL_CONVERSION = YES;
				CLANG_WARN_OBJC_ROOT_CLASS = YES_ERROR;
				CLANG_WARN_QUOTED_INCLUDE_IN_FRAMEWORK_HEADER = YES;
				CLANG_WARN_RANGE_LOOP_ANALYSIS = YES;
				CLANG_WARN_STRICT_PROTOTYPES = YES;
				CLANG_WARN_SUSPICIOUS_MOVE = YES;
				CLANG_WARN_UNGUARDED_AVAILABILITY = YES_AGGRESSIVE;
				CLANG_WARN_UNREACHABLE_CODE = YES;
				CLANG_WARN__DUPLICATE_METHOD_MATCH = YES;
				COPY_PHASE_STRIP = NO;
				DEBUG_INFORMATION_FORMAT = "dwarf-with-dsym";
				ENABLE_NS_ASSERTIONS = NO;
				ENABLE_STRICT_OBJC_MSGSEND = YES;
				GCC_C_LANGUAGE_STANDARD = gnu11;
				GCC_NO_COMMON_BLOCKS = YES;
				GCC_WARN_64_TO_32_BIT_CONVERSION = YES;
				GCC_WARN_ABOUT_RETURN_TYPE = YES_ERROR;
				GCC_WARN_UNDECLARED_SELECTOR = YES;
				GCC_WARN_UNINITIALIZED_AUTOS = YES_AGGRESSIVE;
				GCC_WARN_UNUSED_FUNCTION = YES;
				GCC_WARN_UNUSED_VARIABLE = YES;
				IPHONEOS_DEPLOYMENT_TARGET = 13.0;
				MTL_ENABLE_DEBUG_INFO = NO;
				MTL_FAST_MATH = YES;
				SDKROOT = iphoneos;
				SWIFT_COMPILATION_MODE = wholemodule;
				VALIDATE_PRODUCT = YES;
			};
			name = Release;
		};
		A70CBDE723A81B4C0054ACFA /* Debug */ = {
			isa = XCBuildConfiguration;
			buildSettings = {
				ASSETCATALOG_COMPILER_APPICON_NAME = AppIcon;
				CLANG_ENABLE_MODULES = YES;
				CODE_SIGN_IDENTITY = "Apple Development";
				CODE_SIGN_STYLE = Automatic;
				CURRENT_PROJECT_VERSION = 1;
				DEVELOPMENT_TEAM = 86YX7T745R;
				ENABLE_BITCODE = NO;
				FRAMEWORK_SEARCH_PATHS = (
					"$(inherited)",
					"$(PROJECT_DIR)",
					"$(PROJECT_DIR)/Dependencies",
				);
				HEADER_SEARCH_PATHS = "$(PROJECT_DIR)/AliveCorKitExample/Frameworks/AliveCorKitLite.framework/Headers";
				INFOPLIST_FILE = AliveCorKitExample/Info.plist;
				IPHONEOS_DEPLOYMENT_TARGET = 15.0;
				LD_RUNPATH_SEARCH_PATHS = (
					"$(inherited)",
					"@executable_path/Frameworks",
				);
				MARKETING_VERSION = 1.6.10;
				PRODUCT_BUNDLE_IDENTIFIER = com.alivecor.alivecorkit.example;
				PRODUCT_NAME = "$(TARGET_NAME)";
				PROVISIONING_PROFILE_SPECIFIER = "";
				SWIFT_OBJC_BRIDGING_HEADER = "AliveCorKitExample/AliveCorKitExample-Bridging-Header.h";
				SWIFT_OPTIMIZATION_LEVEL = "-Onone";
				SWIFT_VERSION = 5.0;
				TARGETED_DEVICE_FAMILY = "1,2";
				VALIDATE_WORKSPACE = NO;
			};
			name = Debug;
		};
		A70CBDE823A81B4C0054ACFA /* Release */ = {
			isa = XCBuildConfiguration;
			buildSettings = {
				ASSETCATALOG_COMPILER_APPICON_NAME = AppIcon;
				CLANG_ENABLE_MODULES = YES;
				CODE_SIGN_IDENTITY = "iPhone Distribution";
				CODE_SIGN_STYLE = Manual;
				CURRENT_PROJECT_VERSION = 1;
				DEVELOPMENT_TEAM = 86YX7T745R;
				ENABLE_BITCODE = NO;
				FRAMEWORK_SEARCH_PATHS = (
					"$(inherited)",
					"$(PROJECT_DIR)",
					"$(PROJECT_DIR)/Dependencies",
				);
				HEADER_SEARCH_PATHS = "$(PROJECT_DIR)/AliveCorKitExample/Frameworks/AliveCorKitLite.framework/Headers";
				INFOPLIST_FILE = AliveCorKitExample/Info.plist;
				IPHONEOS_DEPLOYMENT_TARGET = 15.0;
				LD_RUNPATH_SEARCH_PATHS = (
					"$(inherited)",
					"@executable_path/Frameworks",
				);
				MARKETING_VERSION = 1.6.10;
				PRODUCT_BUNDLE_IDENTIFIER = com.alivecor.alivecorkit.example;
				PRODUCT_NAME = "$(TARGET_NAME)";
				PROVISIONING_PROFILE_SPECIFIER = "AlivecorKit Example App - DistAppStore";
				SWIFT_OBJC_BRIDGING_HEADER = "AliveCorKitExample/AliveCorKitExample-Bridging-Header.h";
				SWIFT_VERSION = 5.0;
				TARGETED_DEVICE_FAMILY = "1,2";
				VALIDATE_WORKSPACE = NO;
			};
			name = Release;
		};
		A70CBDEA23A81B4C0054ACFA /* Debug */ = {
			isa = XCBuildConfiguration;
			buildSettings = {
				ALWAYS_EMBED_SWIFT_STANDARD_LIBRARIES = YES;
				CODE_SIGN_STYLE = Automatic;
				INFOPLIST_FILE = AliveCorKitExampleUITests/Info.plist;
				LD_RUNPATH_SEARCH_PATHS = (
					"$(inherited)",
					"@executable_path/Frameworks",
					"@loader_path/Frameworks",
				);
				PRODUCT_BUNDLE_IDENTIFIER = com.alivecor.alivecorkit.AliveCorKitExampleUITests;
				PRODUCT_NAME = "$(TARGET_NAME)";
				TARGETED_DEVICE_FAMILY = "1,2";
				TEST_TARGET_NAME = AliveCorKitExample;
			};
			name = Debug;
		};
		A70CBDEB23A81B4C0054ACFA /* Release */ = {
			isa = XCBuildConfiguration;
			buildSettings = {
				ALWAYS_EMBED_SWIFT_STANDARD_LIBRARIES = YES;
				CODE_SIGN_STYLE = Automatic;
				INFOPLIST_FILE = AliveCorKitExampleUITests/Info.plist;
				LD_RUNPATH_SEARCH_PATHS = (
					"$(inherited)",
					"@executable_path/Frameworks",
					"@loader_path/Frameworks",
				);
				PRODUCT_BUNDLE_IDENTIFIER = com.alivecor.alivecorkit.AliveCorKitExampleUITests;
				PRODUCT_NAME = "$(TARGET_NAME)";
				TARGETED_DEVICE_FAMILY = "1,2";
				TEST_TARGET_NAME = AliveCorKitExample;
			};
			name = Release;
		};
		A70FADA523BFC6BE00EC3D64 /* Internal Enterprise Beta */ = {
			isa = XCBuildConfiguration;
			buildSettings = {
				ALWAYS_SEARCH_USER_PATHS = NO;
				CLANG_ANALYZER_LOCALIZABILITY_NONLOCALIZED = YES;
				CLANG_ANALYZER_NONNULL = YES;
				CLANG_ANALYZER_NUMBER_OBJECT_CONVERSION = YES_AGGRESSIVE;
				CLANG_CXX_LANGUAGE_STANDARD = "gnu++14";
				CLANG_CXX_LIBRARY = "libc++";
				CLANG_ENABLE_MODULES = YES;
				CLANG_ENABLE_OBJC_ARC = YES;
				CLANG_ENABLE_OBJC_WEAK = YES;
				CLANG_WARN_BLOCK_CAPTURE_AUTORELEASING = YES;
				CLANG_WARN_BOOL_CONVERSION = YES;
				CLANG_WARN_COMMA = YES;
				CLANG_WARN_CONSTANT_CONVERSION = YES;
				CLANG_WARN_DEPRECATED_OBJC_IMPLEMENTATIONS = YES;
				CLANG_WARN_DIRECT_OBJC_ISA_USAGE = YES_ERROR;
				CLANG_WARN_DOCUMENTATION_COMMENTS = YES;
				CLANG_WARN_EMPTY_BODY = YES;
				CLANG_WARN_ENUM_CONVERSION = YES;
				CLANG_WARN_INFINITE_RECURSION = YES;
				CLANG_WARN_INT_CONVERSION = YES;
				CLANG_WARN_NON_LITERAL_NULL_CONVERSION = YES;
				CLANG_WARN_OBJC_IMPLICIT_RETAIN_SELF = YES;
				CLANG_WARN_OBJC_LITERAL_CONVERSION = YES;
				CLANG_WARN_OBJC_ROOT_CLASS = YES_ERROR;
				CLANG_WARN_QUOTED_INCLUDE_IN_FRAMEWORK_HEADER = YES;
				CLANG_WARN_RANGE_LOOP_ANALYSIS = YES;
				CLANG_WARN_STRICT_PROTOTYPES = YES;
				CLANG_WARN_SUSPICIOUS_MOVE = YES;
				CLANG_WARN_UNGUARDED_AVAILABILITY = YES_AGGRESSIVE;
				CLANG_WARN_UNREACHABLE_CODE = YES;
				CLANG_WARN__DUPLICATE_METHOD_MATCH = YES;
				COPY_PHASE_STRIP = NO;
				DEBUG_INFORMATION_FORMAT = "dwarf-with-dsym";
				ENABLE_NS_ASSERTIONS = NO;
				ENABLE_STRICT_OBJC_MSGSEND = YES;
				GCC_C_LANGUAGE_STANDARD = gnu11;
				GCC_NO_COMMON_BLOCKS = YES;
				GCC_WARN_64_TO_32_BIT_CONVERSION = YES;
				GCC_WARN_ABOUT_RETURN_TYPE = YES_ERROR;
				GCC_WARN_UNDECLARED_SELECTOR = YES;
				GCC_WARN_UNINITIALIZED_AUTOS = YES_AGGRESSIVE;
				GCC_WARN_UNUSED_FUNCTION = YES;
				GCC_WARN_UNUSED_VARIABLE = YES;
				IPHONEOS_DEPLOYMENT_TARGET = 13.0;
				MTL_ENABLE_DEBUG_INFO = NO;
				MTL_FAST_MATH = YES;
				SDKROOT = iphoneos;
				VALIDATE_PRODUCT = YES;
			};
			name = "Internal Enterprise Beta";
		};
		A70FADA623BFC6BE00EC3D64 /* Internal Enterprise Beta */ = {
			isa = XCBuildConfiguration;
			buildSettings = {
				ASSETCATALOG_COMPILER_APPICON_NAME = AppIcon;
				CLANG_ENABLE_MODULES = YES;
				CODE_SIGN_IDENTITY = "iPhone Distribution";
				CODE_SIGN_STYLE = Manual;
				CURRENT_PROJECT_VERSION = 1;
				DEVELOPMENT_TEAM = S7954PY7JT;
				ENABLE_BITCODE = NO;
				FRAMEWORK_SEARCH_PATHS = (
					"$(inherited)",
					"$(PROJECT_DIR)",
					"$(PROJECT_DIR)/Dependencies",
				);
				HEADER_SEARCH_PATHS = "$(PROJECT_DIR)/AliveCorKitExample/Frameworks/AliveCorKitLite.framework/Headers";
				INFOPLIST_FILE = AliveCorKitExample/Info.plist;
				IPHONEOS_DEPLOYMENT_TARGET = 15.0;
				LD_RUNPATH_SEARCH_PATHS = (
					"$(inherited)",
					"@executable_path/Frameworks",
				);
				MARKETING_VERSION = 1.6.10;
				PRODUCT_BUNDLE_IDENTIFIER = com.alivecor.alivecorkit.example.daily;
				PRODUCT_NAME = "$(TARGET_NAME)";
				PROVISIONING_PROFILE_SPECIFIER = "AliveCor Kit Example - DistInHouse";
				SWIFT_OBJC_BRIDGING_HEADER = "AliveCorKitExample/AliveCorKitExample-Bridging-Header.h";
				SWIFT_VERSION = 5.0;
				TARGETED_DEVICE_FAMILY = "1,2";
				VALIDATE_WORKSPACE = NO;
			};
			name = "Internal Enterprise Beta";
		};
		A70FADA723BFC6BE00EC3D64 /* Internal Enterprise Beta */ = {
			isa = XCBuildConfiguration;
			buildSettings = {
				ALWAYS_EMBED_SWIFT_STANDARD_LIBRARIES = YES;
				CODE_SIGN_STYLE = Automatic;
				INFOPLIST_FILE = AliveCorKitExampleUITests/Info.plist;
				LD_RUNPATH_SEARCH_PATHS = (
					"$(inherited)",
					"@executable_path/Frameworks",
					"@loader_path/Frameworks",
				);
				PRODUCT_BUNDLE_IDENTIFIER = com.alivecor.alivecorkit.AliveCorKitExampleUITests;
				PRODUCT_NAME = "$(TARGET_NAME)";
				TARGETED_DEVICE_FAMILY = "1,2";
				TEST_TARGET_NAME = AliveCorKitExample;
			};
			name = "Internal Enterprise Beta";
		};
		A7D93C5623C9489D00A94D3E /* External Enterprise Beta */ = {
			isa = XCBuildConfiguration;
			buildSettings = {
				ALWAYS_SEARCH_USER_PATHS = NO;
				CLANG_ANALYZER_LOCALIZABILITY_NONLOCALIZED = YES;
				CLANG_ANALYZER_NONNULL = YES;
				CLANG_ANALYZER_NUMBER_OBJECT_CONVERSION = YES_AGGRESSIVE;
				CLANG_CXX_LANGUAGE_STANDARD = "gnu++14";
				CLANG_CXX_LIBRARY = "libc++";
				CLANG_ENABLE_MODULES = YES;
				CLANG_ENABLE_OBJC_ARC = YES;
				CLANG_ENABLE_OBJC_WEAK = YES;
				CLANG_WARN_BLOCK_CAPTURE_AUTORELEASING = YES;
				CLANG_WARN_BOOL_CONVERSION = YES;
				CLANG_WARN_COMMA = YES;
				CLANG_WARN_CONSTANT_CONVERSION = YES;
				CLANG_WARN_DEPRECATED_OBJC_IMPLEMENTATIONS = YES;
				CLANG_WARN_DIRECT_OBJC_ISA_USAGE = YES_ERROR;
				CLANG_WARN_DOCUMENTATION_COMMENTS = YES;
				CLANG_WARN_EMPTY_BODY = YES;
				CLANG_WARN_ENUM_CONVERSION = YES;
				CLANG_WARN_INFINITE_RECURSION = YES;
				CLANG_WARN_INT_CONVERSION = YES;
				CLANG_WARN_NON_LITERAL_NULL_CONVERSION = YES;
				CLANG_WARN_OBJC_IMPLICIT_RETAIN_SELF = YES;
				CLANG_WARN_OBJC_LITERAL_CONVERSION = YES;
				CLANG_WARN_OBJC_ROOT_CLASS = YES_ERROR;
				CLANG_WARN_QUOTED_INCLUDE_IN_FRAMEWORK_HEADER = YES;
				CLANG_WARN_RANGE_LOOP_ANALYSIS = YES;
				CLANG_WARN_STRICT_PROTOTYPES = YES;
				CLANG_WARN_SUSPICIOUS_MOVE = YES;
				CLANG_WARN_UNGUARDED_AVAILABILITY = YES_AGGRESSIVE;
				CLANG_WARN_UNREACHABLE_CODE = YES;
				CLANG_WARN__DUPLICATE_METHOD_MATCH = YES;
				COPY_PHASE_STRIP = NO;
				DEBUG_INFORMATION_FORMAT = "dwarf-with-dsym";
				ENABLE_NS_ASSERTIONS = NO;
				ENABLE_STRICT_OBJC_MSGSEND = YES;
				GCC_C_LANGUAGE_STANDARD = gnu11;
				GCC_NO_COMMON_BLOCKS = YES;
				GCC_WARN_64_TO_32_BIT_CONVERSION = YES;
				GCC_WARN_ABOUT_RETURN_TYPE = YES_ERROR;
				GCC_WARN_UNDECLARED_SELECTOR = YES;
				GCC_WARN_UNINITIALIZED_AUTOS = YES_AGGRESSIVE;
				GCC_WARN_UNUSED_FUNCTION = YES;
				GCC_WARN_UNUSED_VARIABLE = YES;
				IPHONEOS_DEPLOYMENT_TARGET = 13.0;
				MTL_ENABLE_DEBUG_INFO = NO;
				MTL_FAST_MATH = YES;
				SDKROOT = iphoneos;
				VALIDATE_PRODUCT = YES;
			};
			name = "External Enterprise Beta";
		};
		A7D93C5723C9489D00A94D3E /* External Enterprise Beta */ = {
			isa = XCBuildConfiguration;
			buildSettings = {
				ASSETCATALOG_COMPILER_APPICON_NAME = AppIcon;
				CLANG_ENABLE_MODULES = YES;
				CODE_SIGN_IDENTITY = "iPhone Distribution";
				CODE_SIGN_STYLE = Manual;
				CURRENT_PROJECT_VERSION = 1;
				DEVELOPMENT_TEAM = S7954PY7JT;
				ENABLE_BITCODE = NO;
				FRAMEWORK_SEARCH_PATHS = (
					"$(inherited)",
					"$(PROJECT_DIR)",
					"$(PROJECT_DIR)/Dependencies",
				);
				HEADER_SEARCH_PATHS = "$(PROJECT_DIR)/AliveCorKitExample/Frameworks/AliveCorKitLite.framework/Headers";
				INFOPLIST_FILE = AliveCorKitExample/Info.plist;
				IPHONEOS_DEPLOYMENT_TARGET = 15.0;
				LD_RUNPATH_SEARCH_PATHS = (
					"$(inherited)",
					"@executable_path/Frameworks",
				);
				MARKETING_VERSION = 1.6.10;
				PRODUCT_BUNDLE_IDENTIFIER = com.alivecor.alivecorkit.example.daily;
				PRODUCT_NAME = "$(TARGET_NAME)";
				PROVISIONING_PROFILE_SPECIFIER = "AliveCor Kit Example - DistInHouse";
				SWIFT_OBJC_BRIDGING_HEADER = "AliveCorKitExample/AliveCorKitExample-Bridging-Header.h";
				SWIFT_VERSION = 5.0;
				TARGETED_DEVICE_FAMILY = "1,2";
				VALIDATE_WORKSPACE = NO;
			};
			name = "External Enterprise Beta";
		};
		A7D93C5823C9489D00A94D3E /* External Enterprise Beta */ = {
			isa = XCBuildConfiguration;
			buildSettings = {
				ALWAYS_EMBED_SWIFT_STANDARD_LIBRARIES = YES;
				CODE_SIGN_STYLE = Automatic;
				INFOPLIST_FILE = AliveCorKitExampleUITests/Info.plist;
				LD_RUNPATH_SEARCH_PATHS = (
					"$(inherited)",
					"@executable_path/Frameworks",
					"@loader_path/Frameworks",
				);
				PRODUCT_BUNDLE_IDENTIFIER = com.alivecor.alivecorkit.AliveCorKitExampleUITests;
				PRODUCT_NAME = "$(TARGET_NAME)";
				TARGETED_DEVICE_FAMILY = "1,2";
				TEST_TARGET_NAME = AliveCorKitExample;
			};
			name = "External Enterprise Beta";
		};
/* End XCBuildConfiguration section */

/* Begin XCConfigurationList section */
		A70CBDBD23A81B4A0054ACFA /* Build configuration list for PBXProject "AliveCorKitExample" */ = {
			isa = XCConfigurationList;
			buildConfigurations = (
				A70CBDE423A81B4C0054ACFA /* Debug */,
				A70CBDE523A81B4C0054ACFA /* Release */,
				A7D93C5623C9489D00A94D3E /* External Enterprise Beta */,
				A70FADA523BFC6BE00EC3D64 /* Internal Enterprise Beta */,
			);
			defaultConfigurationIsVisible = 0;
			defaultConfigurationName = Release;
		};
		A70CBDE623A81B4C0054ACFA /* Build configuration list for PBXNativeTarget "AliveCorKitExample" */ = {
			isa = XCConfigurationList;
			buildConfigurations = (
				A70CBDE723A81B4C0054ACFA /* Debug */,
				A70CBDE823A81B4C0054ACFA /* Release */,
				A7D93C5723C9489D00A94D3E /* External Enterprise Beta */,
				A70FADA623BFC6BE00EC3D64 /* Internal Enterprise Beta */,
			);
			defaultConfigurationIsVisible = 0;
			defaultConfigurationName = Release;
		};
		A70CBDE923A81B4C0054ACFA /* Build configuration list for PBXNativeTarget "AliveCorKitExampleUITests" */ = {
			isa = XCConfigurationList;
			buildConfigurations = (
				A70CBDEA23A81B4C0054ACFA /* Debug */,
				A70CBDEB23A81B4C0054ACFA /* Release */,
				A7D93C5823C9489D00A94D3E /* External Enterprise Beta */,
				A70FADA723BFC6BE00EC3D64 /* Internal Enterprise Beta */,
			);
			defaultConfigurationIsVisible = 0;
			defaultConfigurationName = Release;
		};
/* End XCConfigurationList section */
	};
	rootObject = A70CBDBA23A81B4A0054ACFA /* Project object */;
}
