PODS:
  - AliveCorKitLite (1.7.3)
  - Capacitor (7.4.3):
    - CapacitorCordova
  - CapacitorApp (7.1.1):
    - Capacitor
  - CapacitorBrowser (7.0.5):
    - Capacitor
  - CapacitorCamera (7.0.3):
    - Capacitor
  - CapacitorCommunityBluetoothLe (7.2.0):
    - Capacitor
  - CapacitorCommunityHttp (1.4.1):
    - Capacitor
  - CapacitorCordova (7.4.3)
  - CapacitorFilesystem (7.1.4):
    - Capacitor
    - IONFilesystemLib (~> 1.0.1)
  - CapacitorGeolocation (7.1.6):
    - Capacitor
    - IONGeolocationLib (= 1.0.1)
  - CapacitorNetwork (7.0.3):
    - Capacitor
  - CapacitorScreenOrientation (7.0.2):
    - Capacitor
  - CapacitorShare (7.0.2):
    - Capacitor
  - CapawesomeCapacitorFilePicker (7.2.0):
    - Capacitor
  - CapgoCapacitorUploader (7.3.10):
    - Capacitor
  - IONFilesystemLib (1.0.1)
  - IONGeolocationLib (1.0.1)
  - VTMProductLib (1.5.5)

DEPENDENCIES:
  - AliveCorKitLite (from `Frameworks`)
  - "Capacitor (from `../../node_modules/@capacitor/ios`)"
  - "CapacitorApp (from `../../node_modules/@capacitor/app`)"
  - "CapacitorBrowser (from `../../node_modules/@capacitor/browser`)"
  - "CapacitorCamera (from `../../node_modules/@capacitor/camera`)"
  - "CapacitorCommunityBluetoothLe (from `../../node_modules/@capacitor-community/bluetooth-le`)"
  - "CapacitorCommunityHttp (from `../../node_modules/@capacitor-community/http`)"
  - "CapacitorCordova (from `../../node_modules/@capacitor/ios`)"
  - "CapacitorFilesystem (from `../../node_modules/@capacitor/filesystem`)"
  - "CapacitorGeolocation (from `../../node_modules/@capacitor/geolocation`)"
  - "CapacitorNetwork (from `../../node_modules/@capacitor/network`)"
  - "CapacitorScreenOrientation (from `../../node_modules/@capacitor/screen-orientation`)"
  - "CapacitorShare (from `../../node_modules/@capacitor/share`)"
  - "CapawesomeCapacitorFilePicker (from `../../node_modules/@capawesome/capacitor-file-picker`)"
  - "CapgoCapacitorUploader (from `../../node_modules/@capgo/capacitor-uploader`)"
  - VTMProductLib (from `../../VTProductLib_Pods`)

SPEC REPOS:
  trunk:
    - IONFilesystemLib
    - IONGeolocationLib

EXTERNAL SOURCES:
  AliveCorKitLite:
    :path: Frameworks
  Capacitor:
    :path: "../../node_modules/@capacitor/ios"
  CapacitorApp:
    :path: "../../node_modules/@capacitor/app"
  CapacitorBrowser:
    :path: "../../node_modules/@capacitor/browser"
  CapacitorCamera:
    :path: "../../node_modules/@capacitor/camera"
  CapacitorCommunityBluetoothLe:
    :path: "../../node_modules/@capacitor-community/bluetooth-le"
  CapacitorCommunityHttp:
    :path: "../../node_modules/@capacitor-community/http"
  CapacitorCordova:
    :path: "../../node_modules/@capacitor/ios"
  CapacitorFilesystem:
    :path: "../../node_modules/@capacitor/filesystem"
  CapacitorGeolocation:
    :path: "../../node_modules/@capacitor/geolocation"
  CapacitorNetwork:
    :path: "../../node_modules/@capacitor/network"
  CapacitorScreenOrientation:
    :path: "../../node_modules/@capacitor/screen-orientation"
  CapacitorShare:
    :path: "../../node_modules/@capacitor/share"
  CapawesomeCapacitorFilePicker:
    :path: "../../node_modules/@capawesome/capacitor-file-picker"
  CapgoCapacitorUploader:
    :path: "../../node_modules/@capgo/capacitor-uploader"
  VTMProductLib:
    :path: "../../VTProductLib_Pods"

SPEC CHECKSUMS:
  AliveCorKitLite: 7adf9ee39b17c07c53a5c8ae12462149c6a95f27
  Capacitor: 28d6c01026a9a3f7156529498ec1f389a2a28dbc
  CapacitorApp: 63b237168fc869e758481dba283315a85743ee78
  CapacitorBrowser: 6d09f59655e89aede71654ef08b98de55cf032b6
  CapacitorCamera: 6746827d82376f31cea9224945c0458c9fd0b0b2
  CapacitorCommunityBluetoothLe: a8a3b904ef86aee80d4e22b8aa3a4b07e9fe5067
  CapacitorCommunityHttp: 7eba71da94e070e37a26a60483350285a33e3903
  CapacitorCordova: 435121e81a2df4d0034f0fb11fcefab5104cfdb5
  CapacitorFilesystem: f9bd850c41e048180e5dc0cbb90f2033ede9d2cc
  CapacitorGeolocation: a65213fef581c7b8c5d486abbd5a6d00192a179e
  CapacitorNetwork: 1a22460c6f900686f12ffa52f3074ee313821b08
  CapacitorScreenOrientation: e0d5b9ef293b269b8f93373355d5b276f50fabea
  CapacitorShare: be166411fa995ead2d39b104aa0aae56d8615c66
  CapawesomeCapacitorFilePicker: 0f4a913a00e39dd77213449f0d917e92f35a5ca9
  CapgoCapacitorUploader: c2a8f2b89856c236a038208e76983ad0c2289d9e
  IONFilesystemLib: 89258b8e3e85465da93127d25d7ce37f977e8a6f
  IONGeolocationLib: 20f9d0248a0b5264511fb57a37e25dd2badf797a
  VTMProductLib: bbf5bd78924fee9a0bdd17458217bcd1d6ccd305

PODFILE CHECKSUM: 2e9ab93f44d6b8224cc9deebcd42117000d1fb74

COCOAPODS: 1.16.2
